// !$*UTF8*$!
{
	archiveVersion = 1;
	classes = {
	};
	objectVersion = 46;
	objects = {

/* Begin PBXBuildFile section */
		CB21253F1BD98F3B00AA824B /* main.m in Sources */ = {isa = PBXBuildFile; fileRef = CB21253E1BD98F3B00AA824B /* main.m */; };
		CB2125421BD98F3B00AA824B /* AppDelegate.m in Sources */ = {isa = PBXBuildFile; fileRef = CB2125411BD98F3B00AA824B /* AppDelegate.m */; };
		CB2125481BD98F3B00AA824B /* Main.storyboard in Resources */ = {isa = PBXBuildFile; fileRef = CB2125461BD98F3B00AA824B /* Main.storyboard */; };
		CB21254A1BD98F3B00AA824B /* Assets.xcassets in Resources */ = {isa = PBXBuildFile; fileRef = CB2125491BD98F3B00AA824B /* Assets.xcassets */; };
		CB21254D1BD98F3B00AA824B /* LaunchScreen.storyboard in Resources */ = {isa = PBXBuildFile; fileRef = CB21254B1BD98F3B00AA824B /* LaunchScreen.storyboard */; };
		CB2125581BD98F3B00AA824B /* SupergramTests.m in Sources */ = {isa = PBXBuildFile; fileRef = CB2125571BD98F3B00AA824B /* SupergramTests.m */; };
		CB2125631BD98F3B00AA824B /* SupergramUITests.m in Sources */ = {isa = PBXBuildFile; fileRef = CB2125621BD98F3B00AA824B /* SupergramUITests.m */; };
		E01CFDAD1BD9932A004E1874 /* Bolts.framework in Frameworks */ = {isa = PBXBuildFile; fileRef = E01CFDA61BD9932A004E1874 /* Bolts.framework */; };
		E01CFDAE1BD9932A004E1874 /* Parse.framework in Frameworks */ = {isa = PBXBuildFile; fileRef = E01CFDA71BD9932A004E1874 /* Parse.framework */; };
		E01CFDAF1BD9932A004E1874 /* ParseCrashReporting.framework in Frameworks */ = {isa = PBXBuildFile; fileRef = E01CFDA81BD9932A004E1874 /* ParseCrashReporting.framework */; };
		E01CFDB01BD9932A004E1874 /* ParseFacebookUtils.framework in Frameworks */ = {isa = PBXBuildFile; fileRef = E01CFDA91BD9932A004E1874 /* ParseFacebookUtils.framework */; };
		E01CFDB11BD9932A004E1874 /* ParseFacebookUtilsV4.framework in Frameworks */ = {isa = PBXBuildFile; fileRef = E01CFDAA1BD9932A004E1874 /* ParseFacebookUtilsV4.framework */; };
		E01CFDB21BD9932A004E1874 /* ParseTwitterUtils.framework in Frameworks */ = {isa = PBXBuildFile; fileRef = E01CFDAB1BD9932A004E1874 /* ParseTwitterUtils.framework */; };
		E01CFDB31BD9932A004E1874 /* ParseUI.framework in Frameworks */ = {isa = PBXBuildFile; fileRef = E01CFDAC1BD9932A004E1874 /* ParseUI.framework */; };
		E01CFDB51BD994F9004E1874 /* AudioToolbox.framework in Frameworks */ = {isa = PBXBuildFile; fileRef = E01CFDB41BD994F9004E1874 /* AudioToolbox.framework */; };
		E01CFDB71BD994FF004E1874 /* CFNetwork.framework in Frameworks */ = {isa = PBXBuildFile; fileRef = E01CFDB61BD994FF004E1874 /* CFNetwork.framework */; };
		E01CFDB91BD99507004E1874 /* CoreGraphics.framework in Frameworks */ = {isa = PBXBuildFile; fileRef = E01CFDB81BD99507004E1874 /* CoreGraphics.framework */; };
		E01CFDBB1BD9950E004E1874 /* CoreLocation.framework in Frameworks */ = {isa = PBXBuildFile; fileRef = E01CFDBA1BD9950E004E1874 /* CoreLocation.framework */; };
		E01CFDBD1BD99523004E1874 /* QuartzCore.framework in Frameworks */ = {isa = PBXBuildFile; fileRef = E01CFDBC1BD99523004E1874 /* QuartzCore.framework */; };
		E01CFDBF1BD9952A004E1874 /* Security.framework in Frameworks */ = {isa = PBXBuildFile; fileRef = E01CFDBE1BD9952A004E1874 /* Security.framework */; };
		E01CFDC11BD99531004E1874 /* StoreKit.framework in Frameworks */ = {isa = PBXBuildFile; fileRef = E01CFDC01BD99531004E1874 /* StoreKit.framework */; };
		E01CFDC31BD9953A004E1874 /* SystemConfiguration.framework in Frameworks */ = {isa = PBXBuildFile; fileRef = E01CFDC21BD9953A004E1874 /* SystemConfiguration.framework */; };
		E01CFDC51BD99548004E1874 /* libz.tbd in Frameworks */ = {isa = PBXBuildFile; fileRef = E01CFDC41BD99548004E1874 /* libz.tbd */; };
		E01CFDC71BD99556004E1874 /* libsqlite3.tbd in Frameworks */ = {isa = PBXBuildFile; fileRef = E01CFDC61BD99556004E1874 /* libsqlite3.tbd */; };
		E01CFDC91BD9956B004E1874 /* Accounts.framework in Frameworks */ = {isa = PBXBuildFile; fileRef = E01CFDC81BD9956B004E1874 /* Accounts.framework */; };
		E01CFDCB1BD99572004E1874 /* Social.framework in Frameworks */ = {isa = PBXBuildFile; fileRef = E01CFDCA1BD99572004E1874 /* Social.framework */; };
		E01CFDD41BD998B8004E1874 /* SuperUser.m in Sources */ = {isa = PBXBuildFile; fileRef = E01CFDD31BD998B8004E1874 /* SuperUser.m */; };
		E01CFDD71BD99E42004E1874 /* SuperProfileViewController.m in Sources */ = {isa = PBXBuildFile; fileRef = E01CFDD61BD99E42004E1874 /* SuperProfileViewController.m */; };
		E01CFDDA1BD99EBF004E1874 /* LoginViewController.m in Sources */ = {isa = PBXBuildFile; fileRef = E01CFDD91BD99EBF004E1874 /* LoginViewController.m */; };
		E01CFDDD1BD99EEF004E1874 /* ResetPasswordViewController.m in Sources */ = {isa = PBXBuildFile; fileRef = E01CFDDC1BD99EEF004E1874 /* ResetPasswordViewController.m */; };
		E01CFDE01BD99F3A004E1874 /* SignUpViewController.m in Sources */ = {isa = PBXBuildFile; fileRef = E01CFDDF1BD99F3A004E1874 /* SignUpViewController.m */; };
		E05F80431BDB1BB600B8DD21 /* UserSettingsViewController.m in Sources */ = {isa = PBXBuildFile; fileRef = E05F80421BDB1BB600B8DD21 /* UserSettingsViewController.m */; };
		E05F80461BDB403A00B8DD21 /* ImagePickerViewController.m in Sources */ = {isa = PBXBuildFile; fileRef = E05F80451BDB403A00B8DD21 /* ImagePickerViewController.m */; };
		E09A4BC61BDE8E8100E3EBE8 /* SGConstants.m in Sources */ = {isa = PBXBuildFile; fileRef = E09A4BC51BDE8E8100E3EBE8 /* SGConstants.m */; };
		E09A4BC91BDE8EE100E3EBE8 /* NSString+ValidationUtility.m in Sources */ = {isa = PBXBuildFile; fileRef = E09A4BC81BDE8EE100E3EBE8 /* NSString+ValidationUtility.m */; };
		E09A4BEB1BDEF10300E3EBE8 /* SGPostCell.xib in Resources */ = {isa = PBXBuildFile; fileRef = E09A4BEA1BDEF10300E3EBE8 /* SGPostCell.xib */; };
		E09A4BEE1BDEF70B00E3EBE8 /* SGPostCollectionViewCell.m in Sources */ = {isa = PBXBuildFile; fileRef = E09A4BED1BDEF70B00E3EBE8 /* SGPostCollectionViewCell.m */; };
		E09A4BF11BDF072B00E3EBE8 /* PostDetailViewController.m in Sources */ = {isa = PBXBuildFile; fileRef = E09A4BF01BDF072B00E3EBE8 /* PostDetailViewController.m */; };
		E09A4BF41BDF4FF600E3EBE8 /* Comment.m in Sources */ = {isa = PBXBuildFile; fileRef = E09A4BF31BDF4FF600E3EBE8 /* Comment.m */; };
		E09A4BF71BDFD11E00E3EBE8 /* FeedViewController.m in Sources */ = {isa = PBXBuildFile; fileRef = E09A4BF61BDFD11E00E3EBE8 /* FeedViewController.m */; };
		E09A4BFA1BDFD1E900E3EBE8 /* SearchViewController.m in Sources */ = {isa = PBXBuildFile; fileRef = E09A4BF91BDFD1E900E3EBE8 /* SearchViewController.m */; };
		E0A410A11BDD802C00AC5C3D /* NewPostViewController.m in Sources */ = {isa = PBXBuildFile; fileRef = E0A410A01BDD802C00AC5C3D /* NewPostViewController.m */; };
		E0A410A41BDD99A800AC5C3D /* Post.m in Sources */ = {isa = PBXBuildFile; fileRef = E0A410A31BDD99A800AC5C3D /* Post.m */; };
		E0A410A71BDDD37400AC5C3D /* ThumbnailCollectionViewCell.m in Sources */ = {isa = PBXBuildFile; fileRef = E0A410A61BDDD37400AC5C3D /* ThumbnailCollectionViewCell.m */; };
/* End PBXBuildFile section */

/* Begin PBXContainerItemProxy section */
		CB2125541BD98F3B00AA824B /* PBXContainerItemProxy */ = {
			isa = PBXContainerItemProxy;
			containerPortal = CB2125321BD98F3B00AA824B /* Project object */;
			proxyType = 1;
			remoteGlobalIDString = CB2125391BD98F3B00AA824B;
			remoteInfo = Supergram;
		};
		CB21255F1BD98F3B00AA824B /* PBXContainerItemProxy */ = {
			isa = PBXContainerItemProxy;
			containerPortal = CB2125321BD98F3B00AA824B /* Project object */;
			proxyType = 1;
			remoteGlobalIDString = CB2125391BD98F3B00AA824B;
			remoteInfo = Supergram;
		};
/* End PBXContainerItemProxy section */

/* Begin PBXFileReference section */
		CB21253A1BD98F3B00AA824B /* Supergram.app */ = {isa = PBXFileReference; explicitFileType = wrapper.application; includeInIndex = 0; path = Supergram.app; sourceTree = BUILT_PRODUCTS_DIR; };
		CB21253E1BD98F3B00AA824B /* main.m */ = {isa = PBXFileReference; lastKnownFileType = sourcecode.c.objc; path = main.m; sourceTree = "<group>"; };
		CB2125401BD98F3B00AA824B /* AppDelegate.h */ = {isa = PBXFileReference; lastKnownFileType = sourcecode.c.h; path = AppDelegate.h; sourceTree = "<group>"; };
		CB2125411BD98F3B00AA824B /* AppDelegate.m */ = {isa = PBXFileReference; lastKnownFileType = sourcecode.c.objc; path = AppDelegate.m; sourceTree = "<group>"; };
		CB2125471BD98F3B00AA824B /* Base */ = {isa = PBXFileReference; lastKnownFileType = file.storyboard; name = Base; path = Base.lproj/Main.storyboard; sourceTree = "<group>"; };
		CB2125491BD98F3B00AA824B /* Assets.xcassets */ = {isa = PBXFileReference; lastKnownFileType = folder.assetcatalog; path = Assets.xcassets; sourceTree = "<group>"; };
		CB21254C1BD98F3B00AA824B /* Base */ = {isa = PBXFileReference; lastKnownFileType = file.storyboard; name = Base; path = Base.lproj/LaunchScreen.storyboard; sourceTree = "<group>"; };
		CB21254E1BD98F3B00AA824B /* Info.plist */ = {isa = PBXFileReference; lastKnownFileType = text.plist.xml; path = Info.plist; sourceTree = "<group>"; };
		CB2125531BD98F3B00AA824B /* SupergramTests.xctest */ = {isa = PBXFileReference; explicitFileType = wrapper.cfbundle; includeInIndex = 0; path = SupergramTests.xctest; sourceTree = BUILT_PRODUCTS_DIR; };
		CB2125571BD98F3B00AA824B /* SupergramTests.m */ = {isa = PBXFileReference; lastKnownFileType = sourcecode.c.objc; path = SupergramTests.m; sourceTree = "<group>"; };
		CB2125591BD98F3B00AA824B /* Info.plist */ = {isa = PBXFileReference; lastKnownFileType = text.plist.xml; path = Info.plist; sourceTree = "<group>"; };
		CB21255E1BD98F3B00AA824B /* SupergramUITests.xctest */ = {isa = PBXFileReference; explicitFileType = wrapper.cfbundle; includeInIndex = 0; path = SupergramUITests.xctest; sourceTree = BUILT_PRODUCTS_DIR; };
		CB2125621BD98F3B00AA824B /* SupergramUITests.m */ = {isa = PBXFileReference; lastKnownFileType = sourcecode.c.objc; path = SupergramUITests.m; sourceTree = "<group>"; };
		CB2125641BD98F3B00AA824B /* Info.plist */ = {isa = PBXFileReference; lastKnownFileType = text.plist.xml; path = Info.plist; sourceTree = "<group>"; };
		E01CFDA61BD9932A004E1874 /* Bolts.framework */ = {isa = PBXFileReference; lastKnownFileType = wrapper.framework; path = Bolts.framework; sourceTree = "<group>"; };
		E01CFDA71BD9932A004E1874 /* Parse.framework */ = {isa = PBXFileReference; lastKnownFileType = wrapper.framework; path = Parse.framework; sourceTree = "<group>"; };
		E01CFDA81BD9932A004E1874 /* ParseCrashReporting.framework */ = {isa = PBXFileReference; lastKnownFileType = wrapper.framework; path = ParseCrashReporting.framework; sourceTree = "<group>"; };
		E01CFDA91BD9932A004E1874 /* ParseFacebookUtils.framework */ = {isa = PBXFileReference; lastKnownFileType = wrapper.framework; path = ParseFacebookUtils.framework; sourceTree = "<group>"; };
		E01CFDAA1BD9932A004E1874 /* ParseFacebookUtilsV4.framework */ = {isa = PBXFileReference; lastKnownFileType = wrapper.framework; path = ParseFacebookUtilsV4.framework; sourceTree = "<group>"; };
		E01CFDAB1BD9932A004E1874 /* ParseTwitterUtils.framework */ = {isa = PBXFileReference; lastKnownFileType = wrapper.framework; path = ParseTwitterUtils.framework; sourceTree = "<group>"; };
		E01CFDAC1BD9932A004E1874 /* ParseUI.framework */ = {isa = PBXFileReference; lastKnownFileType = wrapper.framework; path = ParseUI.framework; sourceTree = "<group>"; };
		E01CFDB41BD994F9004E1874 /* AudioToolbox.framework */ = {isa = PBXFileReference; lastKnownFileType = wrapper.framework; name = AudioToolbox.framework; path = System/Library/Frameworks/AudioToolbox.framework; sourceTree = SDKROOT; };
		E01CFDB61BD994FF004E1874 /* CFNetwork.framework */ = {isa = PBXFileReference; lastKnownFileType = wrapper.framework; name = CFNetwork.framework; path = System/Library/Frameworks/CFNetwork.framework; sourceTree = SDKROOT; };
		E01CFDB81BD99507004E1874 /* CoreGraphics.framework */ = {isa = PBXFileReference; lastKnownFileType = wrapper.framework; name = CoreGraphics.framework; path = System/Library/Frameworks/CoreGraphics.framework; sourceTree = SDKROOT; };
		E01CFDBA1BD9950E004E1874 /* CoreLocation.framework */ = {isa = PBXFileReference; lastKnownFileType = wrapper.framework; name = CoreLocation.framework; path = System/Library/Frameworks/CoreLocation.framework; sourceTree = SDKROOT; };
		E01CFDBC1BD99523004E1874 /* QuartzCore.framework */ = {isa = PBXFileReference; lastKnownFileType = wrapper.framework; name = QuartzCore.framework; path = System/Library/Frameworks/QuartzCore.framework; sourceTree = SDKROOT; };
		E01CFDBE1BD9952A004E1874 /* Security.framework */ = {isa = PBXFileReference; lastKnownFileType = wrapper.framework; name = Security.framework; path = System/Library/Frameworks/Security.framework; sourceTree = SDKROOT; };
		E01CFDC01BD99531004E1874 /* StoreKit.framework */ = {isa = PBXFileReference; lastKnownFileType = wrapper.framework; name = StoreKit.framework; path = System/Library/Frameworks/StoreKit.framework; sourceTree = SDKROOT; };
		E01CFDC21BD9953A004E1874 /* SystemConfiguration.framework */ = {isa = PBXFileReference; lastKnownFileType = wrapper.framework; name = SystemConfiguration.framework; path = System/Library/Frameworks/SystemConfiguration.framework; sourceTree = SDKROOT; };
		E01CFDC41BD99548004E1874 /* libz.tbd */ = {isa = PBXFileReference; lastKnownFileType = "sourcecode.text-based-dylib-definition"; name = libz.tbd; path = usr/lib/libz.tbd; sourceTree = SDKROOT; };
		E01CFDC61BD99556004E1874 /* libsqlite3.tbd */ = {isa = PBXFileReference; lastKnownFileType = "sourcecode.text-based-dylib-definition"; name = libsqlite3.tbd; path = usr/lib/libsqlite3.tbd; sourceTree = SDKROOT; };
		E01CFDC81BD9956B004E1874 /* Accounts.framework */ = {isa = PBXFileReference; lastKnownFileType = wrapper.framework; name = Accounts.framework; path = System/Library/Frameworks/Accounts.framework; sourceTree = SDKROOT; };
		E01CFDCA1BD99572004E1874 /* Social.framework */ = {isa = PBXFileReference; lastKnownFileType = wrapper.framework; name = Social.framework; path = System/Library/Frameworks/Social.framework; sourceTree = SDKROOT; };
		E01CFDD21BD998B8004E1874 /* SuperUser.h */ = {isa = PBXFileReference; fileEncoding = 4; lastKnownFileType = sourcecode.c.h; path = SuperUser.h; sourceTree = "<group>"; };
		E01CFDD31BD998B8004E1874 /* SuperUser.m */ = {isa = PBXFileReference; fileEncoding = 4; lastKnownFileType = sourcecode.c.objc; path = SuperUser.m; sourceTree = "<group>"; };
		E01CFDD51BD99E42004E1874 /* SuperProfileViewController.h */ = {isa = PBXFileReference; fileEncoding = 4; lastKnownFileType = sourcecode.c.h; path = SuperProfileViewController.h; sourceTree = "<group>"; };
		E01CFDD61BD99E42004E1874 /* SuperProfileViewController.m */ = {isa = PBXFileReference; fileEncoding = 4; lastKnownFileType = sourcecode.c.objc; path = SuperProfileViewController.m; sourceTree = "<group>"; };
		E01CFDD81BD99EBF004E1874 /* LoginViewController.h */ = {isa = PBXFileReference; fileEncoding = 4; lastKnownFileType = sourcecode.c.h; path = LoginViewController.h; sourceTree = "<group>"; };
		E01CFDD91BD99EBF004E1874 /* LoginViewController.m */ = {isa = PBXFileReference; fileEncoding = 4; lastKnownFileType = sourcecode.c.objc; path = LoginViewController.m; sourceTree = "<group>"; };
		E01CFDDB1BD99EEF004E1874 /* ResetPasswordViewController.h */ = {isa = PBXFileReference; fileEncoding = 4; lastKnownFileType = sourcecode.c.h; path = ResetPasswordViewController.h; sourceTree = "<group>"; };
		E01CFDDC1BD99EEF004E1874 /* ResetPasswordViewController.m */ = {isa = PBXFileReference; fileEncoding = 4; lastKnownFileType = sourcecode.c.objc; path = ResetPasswordViewController.m; sourceTree = "<group>"; };
		E01CFDDE1BD99F3A004E1874 /* SignUpViewController.h */ = {isa = PBXFileReference; fileEncoding = 4; lastKnownFileType = sourcecode.c.h; path = SignUpViewController.h; sourceTree = "<group>"; };
		E01CFDDF1BD99F3A004E1874 /* SignUpViewController.m */ = {isa = PBXFileReference; fileEncoding = 4; lastKnownFileType = sourcecode.c.objc; path = SignUpViewController.m; sourceTree = "<group>"; };
		E05F80411BDB1BB600B8DD21 /* UserSettingsViewController.h */ = {isa = PBXFileReference; fileEncoding = 4; lastKnownFileType = sourcecode.c.h; path = UserSettingsViewController.h; sourceTree = "<group>"; };
		E05F80421BDB1BB600B8DD21 /* UserSettingsViewController.m */ = {isa = PBXFileReference; fileEncoding = 4; lastKnownFileType = sourcecode.c.objc; path = UserSettingsViewController.m; sourceTree = "<group>"; };
		E05F80441BDB403A00B8DD21 /* ImagePickerViewController.h */ = {isa = PBXFileReference; fileEncoding = 4; lastKnownFileType = sourcecode.c.h; path = ImagePickerViewController.h; sourceTree = "<group>"; };
		E05F80451BDB403A00B8DD21 /* ImagePickerViewController.m */ = {isa = PBXFileReference; fileEncoding = 4; lastKnownFileType = sourcecode.c.objc; path = ImagePickerViewController.m; sourceTree = "<group>"; };
		E09A4BC41BDE8E3200E3EBE8 /* SGConstants.h */ = {isa = PBXFileReference; lastKnownFileType = sourcecode.c.h; path = SGConstants.h; sourceTree = "<group>"; };
		E09A4BC51BDE8E8100E3EBE8 /* SGConstants.m */ = {isa = PBXFileReference; fileEncoding = 4; lastKnownFileType = sourcecode.c.objc; path = SGConstants.m; sourceTree = "<group>"; };
		E09A4BC71BDE8EE100E3EBE8 /* NSString+ValidationUtility.h */ = {isa = PBXFileReference; fileEncoding = 4; lastKnownFileType = sourcecode.c.h; path = "NSString+ValidationUtility.h"; sourceTree = "<group>"; };
		E09A4BC81BDE8EE100E3EBE8 /* NSString+ValidationUtility.m */ = {isa = PBXFileReference; fileEncoding = 4; lastKnownFileType = sourcecode.c.objc; path = "NSString+ValidationUtility.m"; sourceTree = "<group>"; };
		E09A4BEA1BDEF10300E3EBE8 /* SGPostCell.xib */ = {isa = PBXFileReference; fileEncoding = 4; lastKnownFileType = file.xib; path = SGPostCell.xib; sourceTree = "<group>"; };
		E09A4BEC1BDEF70B00E3EBE8 /* SGPostCollectionViewCell.h */ = {isa = PBXFileReference; fileEncoding = 4; lastKnownFileType = sourcecode.c.h; path = SGPostCollectionViewCell.h; sourceTree = "<group>"; };
		E09A4BED1BDEF70B00E3EBE8 /* SGPostCollectionViewCell.m */ = {isa = PBXFileReference; fileEncoding = 4; lastKnownFileType = sourcecode.c.objc; path = SGPostCollectionViewCell.m; sourceTree = "<group>"; };
		E09A4BEF1BDF072B00E3EBE8 /* PostDetailViewController.h */ = {isa = PBXFileReference; fileEncoding = 4; lastKnownFileType = sourcecode.c.h; path = PostDetailViewController.h; sourceTree = "<group>"; };
		E09A4BF01BDF072B00E3EBE8 /* PostDetailViewController.m */ = {isa = PBXFileReference; fileEncoding = 4; lastKnownFileType = sourcecode.c.objc; path = PostDetailViewController.m; sourceTree = "<group>"; };
		E09A4BF21BDF4FF600E3EBE8 /* Comment.h */ = {isa = PBXFileReference; fileEncoding = 4; lastKnownFileType = sourcecode.c.h; path = Comment.h; sourceTree = "<group>"; };
		E09A4BF31BDF4FF600E3EBE8 /* Comment.m */ = {isa = PBXFileReference; fileEncoding = 4; lastKnownFileType = sourcecode.c.objc; path = Comment.m; sourceTree = "<group>"; };
		E09A4BF51BDFD11E00E3EBE8 /* FeedViewController.h */ = {isa = PBXFileReference; fileEncoding = 4; lastKnownFileType = sourcecode.c.h; path = FeedViewController.h; sourceTree = "<group>"; };
		E09A4BF61BDFD11E00E3EBE8 /* FeedViewController.m */ = {isa = PBXFileReference; fileEncoding = 4; lastKnownFileType = sourcecode.c.objc; path = FeedViewController.m; sourceTree = "<group>"; };
		E09A4BF81BDFD1E900E3EBE8 /* SearchViewController.h */ = {isa = PBXFileReference; fileEncoding = 4; lastKnownFileType = sourcecode.c.h; name = SearchViewController.h; path = ../SearchViewController.h; sourceTree = "<group>"; };
		E09A4BF91BDFD1E900E3EBE8 /* SearchViewController.m */ = {isa = PBXFileReference; fileEncoding = 4; lastKnownFileType = sourcecode.c.objc; name = SearchViewController.m; path = ../SearchViewController.m; sourceTree = "<group>"; };
		E0A4109F1BDD802C00AC5C3D /* NewPostViewController.h */ = {isa = PBXFileReference; fileEncoding = 4; lastKnownFileType = sourcecode.c.h; path = NewPostViewController.h; sourceTree = "<group>"; };
		E0A410A01BDD802C00AC5C3D /* NewPostViewController.m */ = {isa = PBXFileReference; fileEncoding = 4; lastKnownFileType = sourcecode.c.objc; path = NewPostViewController.m; sourceTree = "<group>"; };
		E0A410A21BDD99A800AC5C3D /* Post.h */ = {isa = PBXFileReference; fileEncoding = 4; lastKnownFileType = sourcecode.c.h; path = Post.h; sourceTree = "<group>"; };
		E0A410A31BDD99A800AC5C3D /* Post.m */ = {isa = PBXFileReference; fileEncoding = 4; lastKnownFileType = sourcecode.c.objc; path = Post.m; sourceTree = "<group>"; };
		E0A410A51BDDD37400AC5C3D /* ThumbnailCollectionViewCell.h */ = {isa = PBXFileReference; fileEncoding = 4; lastKnownFileType = sourcecode.c.h; path = ThumbnailCollectionViewCell.h; sourceTree = "<group>"; };
		E0A410A61BDDD37400AC5C3D /* ThumbnailCollectionViewCell.m */ = {isa = PBXFileReference; fileEncoding = 4; lastKnownFileType = sourcecode.c.objc; path = ThumbnailCollectionViewCell.m; sourceTree = "<group>"; };
/* End PBXFileReference section */

/* Begin PBXFrameworksBuildPhase section */
		CB2125371BD98F3B00AA824B /* Frameworks */ = {
			isa = PBXFrameworksBuildPhase;
			buildActionMask = 2147483647;
			files = (
				E01CFDCB1BD99572004E1874 /* Social.framework in Frameworks */,
				E01CFDC91BD9956B004E1874 /* Accounts.framework in Frameworks */,
				E01CFDC71BD99556004E1874 /* libsqlite3.tbd in Frameworks */,
				E01CFDC51BD99548004E1874 /* libz.tbd in Frameworks */,
				E01CFDC31BD9953A004E1874 /* SystemConfiguration.framework in Frameworks */,
				E01CFDC11BD99531004E1874 /* StoreKit.framework in Frameworks */,
				E01CFDBF1BD9952A004E1874 /* Security.framework in Frameworks */,
				E01CFDBD1BD99523004E1874 /* QuartzCore.framework in Frameworks */,
				E01CFDBB1BD9950E004E1874 /* CoreLocation.framework in Frameworks */,
				E01CFDB91BD99507004E1874 /* CoreGraphics.framework in Frameworks */,
				E01CFDB71BD994FF004E1874 /* CFNetwork.framework in Frameworks */,
				E01CFDB51BD994F9004E1874 /* AudioToolbox.framework in Frameworks */,
				E01CFDAE1BD9932A004E1874 /* Parse.framework in Frameworks */,
				E01CFDAF1BD9932A004E1874 /* ParseCrashReporting.framework in Frameworks */,
				E01CFDB31BD9932A004E1874 /* ParseUI.framework in Frameworks */,
				E01CFDB01BD9932A004E1874 /* ParseFacebookUtils.framework in Frameworks */,
				E01CFDAD1BD9932A004E1874 /* Bolts.framework in Frameworks */,
				E01CFDB21BD9932A004E1874 /* ParseTwitterUtils.framework in Frameworks */,
				E01CFDB11BD9932A004E1874 /* ParseFacebookUtilsV4.framework in Frameworks */,
			);
			runOnlyForDeploymentPostprocessing = 0;
		};
		CB2125501BD98F3B00AA824B /* Frameworks */ = {
			isa = PBXFrameworksBuildPhase;
			buildActionMask = 2147483647;
			files = (
			);
			runOnlyForDeploymentPostprocessing = 0;
		};
		CB21255B1BD98F3B00AA824B /* Frameworks */ = {
			isa = PBXFrameworksBuildPhase;
			buildActionMask = 2147483647;
			files = (
			);
			runOnlyForDeploymentPostprocessing = 0;
		};
/* End PBXFrameworksBuildPhase section */

/* Begin PBXGroup section */
		CB2125311BD98F3B00AA824B = {
			isa = PBXGroup;
			children = (
				E01CFDA51BD992F6004E1874 /* Frameworks */,
				CB21253C1BD98F3B00AA824B /* Supergram */,
				CB2125561BD98F3B00AA824B /* SupergramTests */,
				CB2125611BD98F3B00AA824B /* SupergramUITests */,
				CB21253B1BD98F3B00AA824B /* Products */,
			);
			sourceTree = "<group>";
		};
		CB21253B1BD98F3B00AA824B /* Products */ = {
			isa = PBXGroup;
			children = (
				CB21253A1BD98F3B00AA824B /* Supergram.app */,
				CB2125531BD98F3B00AA824B /* SupergramTests.xctest */,
				CB21255E1BD98F3B00AA824B /* SupergramUITests.xctest */,
			);
			name = Products;
			sourceTree = "<group>";
		};
		CB21253C1BD98F3B00AA824B /* Supergram */ = {
			isa = PBXGroup;
			children = (
				E01CFDCC1BD99612004E1874 /* Model */,
				E01CFDCD1BD99622004E1874 /* Controller */,
				E01CFDCE1BD99679004E1874 /* Layout */,
				CB21253D1BD98F3B00AA824B /* Supporting Files */,
			);
			path = Supergram;
			sourceTree = "<group>";
		};
		CB21253D1BD98F3B00AA824B /* Supporting Files */ = {
			isa = PBXGroup;
			children = (
				E09A4BC41BDE8E3200E3EBE8 /* SGConstants.h */,
				E09A4BC51BDE8E8100E3EBE8 /* SGConstants.m */,
				CB2125401BD98F3B00AA824B /* AppDelegate.h */,
				CB2125411BD98F3B00AA824B /* AppDelegate.m */,
				CB2125491BD98F3B00AA824B /* Assets.xcassets */,
				CB21254E1BD98F3B00AA824B /* Info.plist */,
				CB21253E1BD98F3B00AA824B /* main.m */,
			);
			name = "Supporting Files";
			sourceTree = "<group>";
		};
		CB2125561BD98F3B00AA824B /* SupergramTests */ = {
			isa = PBXGroup;
			children = (
				CB2125571BD98F3B00AA824B /* SupergramTests.m */,
				CB2125591BD98F3B00AA824B /* Info.plist */,
			);
			path = SupergramTests;
			sourceTree = "<group>";
		};
		CB2125611BD98F3B00AA824B /* SupergramUITests */ = {
			isa = PBXGroup;
			children = (
				CB2125621BD98F3B00AA824B /* SupergramUITests.m */,
				CB2125641BD98F3B00AA824B /* Info.plist */,
			);
			path = SupergramUITests;
			sourceTree = "<group>";
		};
		E01CFDA51BD992F6004E1874 /* Frameworks */ = {
			isa = PBXGroup;
			children = (
				E01CFDCA1BD99572004E1874 /* Social.framework */,
				E01CFDC81BD9956B004E1874 /* Accounts.framework */,
				E01CFDC61BD99556004E1874 /* libsqlite3.tbd */,
				E01CFDC41BD99548004E1874 /* libz.tbd */,
				E01CFDC21BD9953A004E1874 /* SystemConfiguration.framework */,
				E01CFDC01BD99531004E1874 /* StoreKit.framework */,
				E01CFDBE1BD9952A004E1874 /* Security.framework */,
				E01CFDBC1BD99523004E1874 /* QuartzCore.framework */,
				E01CFDBA1BD9950E004E1874 /* CoreLocation.framework */,
				E01CFDB81BD99507004E1874 /* CoreGraphics.framework */,
				E01CFDB61BD994FF004E1874 /* CFNetwork.framework */,
				E01CFDB41BD994F9004E1874 /* AudioToolbox.framework */,
				E01CFDA61BD9932A004E1874 /* Bolts.framework */,
				E01CFDA71BD9932A004E1874 /* Parse.framework */,
				E01CFDA81BD9932A004E1874 /* ParseCrashReporting.framework */,
				E01CFDA91BD9932A004E1874 /* ParseFacebookUtils.framework */,
				E01CFDAA1BD9932A004E1874 /* ParseFacebookUtilsV4.framework */,
				E01CFDAB1BD9932A004E1874 /* ParseTwitterUtils.framework */,
				E01CFDAC1BD9932A004E1874 /* ParseUI.framework */,
			);
			name = Frameworks;
			path = Supergram;
			sourceTree = "<group>";
		};
		E01CFDCC1BD99612004E1874 /* Model */ = {
			isa = PBXGroup;
			children = (
				E01CFDD21BD998B8004E1874 /* SuperUser.h */,
				E01CFDD31BD998B8004E1874 /* SuperUser.m */,
				E0A410A21BDD99A800AC5C3D /* Post.h */,
				E0A410A31BDD99A800AC5C3D /* Post.m */,
				E09A4BF21BDF4FF600E3EBE8 /* Comment.h */,
				E09A4BF31BDF4FF600E3EBE8 /* Comment.m */,
				E01CFDE41BD9AC89004E1874 /* Helper */,
			);
			name = Model;
			sourceTree = "<group>";
		};
		E01CFDCD1BD99622004E1874 /* Controller */ = {
			isa = PBXGroup;
			children = (
				E09A4BEF1BDF072B00E3EBE8 /* PostDetailViewController.h */,
				E09A4BF01BDF072B00E3EBE8 /* PostDetailViewController.m */,
				E09A4BEC1BDEF70B00E3EBE8 /* SGPostCollectionViewCell.h */,
				E09A4BED1BDEF70B00E3EBE8 /* SGPostCollectionViewCell.m */,
				E01CFDD51BD99E42004E1874 /* SuperProfileViewController.h */,
				E01CFDD61BD99E42004E1874 /* SuperProfileViewController.m */,
				E0A410A51BDDD37400AC5C3D /* ThumbnailCollectionViewCell.h */,
				E0A410A61BDDD37400AC5C3D /* ThumbnailCollectionViewCell.m */,
				E01CFDD81BD99EBF004E1874 /* LoginViewController.h */,
				E01CFDD91BD99EBF004E1874 /* LoginViewController.m */,
				E01CFDDB1BD99EEF004E1874 /* ResetPasswordViewController.h */,
				E01CFDDC1BD99EEF004E1874 /* ResetPasswordViewController.m */,
				E01CFDDE1BD99F3A004E1874 /* SignUpViewController.h */,
				E01CFDDF1BD99F3A004E1874 /* SignUpViewController.m */,
				E05F80411BDB1BB600B8DD21 /* UserSettingsViewController.h */,
				E05F80421BDB1BB600B8DD21 /* UserSettingsViewController.m */,
				E05F80441BDB403A00B8DD21 /* ImagePickerViewController.h */,
				E05F80451BDB403A00B8DD21 /* ImagePickerViewController.m */,
				E0A4109F1BDD802C00AC5C3D /* NewPostViewController.h */,
				E0A410A01BDD802C00AC5C3D /* NewPostViewController.m */,
				E09A4BF51BDFD11E00E3EBE8 /* FeedViewController.h */,
				E09A4BF61BDFD11E00E3EBE8 /* FeedViewController.m */,
				E09A4BF81BDFD1E900E3EBE8 /* SearchViewController.h */,
				E09A4BF91BDFD1E900E3EBE8 /* SearchViewController.m */,
			);
			name = Controller;
			sourceTree = "<group>";
		};
		E01CFDCE1BD99679004E1874 /* Layout */ = {
			isa = PBXGroup;
			children = (
				CB2125461BD98F3B00AA824B /* Main.storyboard */,
				E09A4BEA1BDEF10300E3EBE8 /* SGPostCell.xib */,
				CB21254B1BD98F3B00AA824B /* LaunchScreen.storyboard */,
			);
			name = Layout;
			sourceTree = "<group>";
		};
		E01CFDE41BD9AC89004E1874 /* Helper */ = {
			isa = PBXGroup;
			children = (
				E09A4BC71BDE8EE100E3EBE8 /* NSString+ValidationUtility.h */,
				E09A4BC81BDE8EE100E3EBE8 /* NSString+ValidationUtility.m */,
			);
			name = Helper;
			sourceTree = "<group>";
		};
/* End PBXGroup section */

/* Begin PBXNativeTarget section */
		CB2125391BD98F3B00AA824B /* Supergram */ = {
			isa = PBXNativeTarget;
			buildConfigurationList = CB2125671BD98F3B00AA824B /* Build configuration list for PBXNativeTarget "Supergram" */;
			buildPhases = (
				CB2125361BD98F3B00AA824B /* Sources */,
				CB2125371BD98F3B00AA824B /* Frameworks */,
				CB2125381BD98F3B00AA824B /* Resources */,
			);
			buildRules = (
			);
			dependencies = (
			);
			name = Supergram;
			productName = Supergram;
			productReference = CB21253A1BD98F3B00AA824B /* Supergram.app */;
			productType = "com.apple.product-type.application";
		};
		CB2125521BD98F3B00AA824B /* SupergramTests */ = {
			isa = PBXNativeTarget;
			buildConfigurationList = CB21256A1BD98F3B00AA824B /* Build configuration list for PBXNativeTarget "SupergramTests" */;
			buildPhases = (
				CB21254F1BD98F3B00AA824B /* Sources */,
				CB2125501BD98F3B00AA824B /* Frameworks */,
				CB2125511BD98F3B00AA824B /* Resources */,
			);
			buildRules = (
			);
			dependencies = (
				CB2125551BD98F3B00AA824B /* PBXTargetDependency */,
			);
			name = SupergramTests;
			productName = SupergramTests;
			productReference = CB2125531BD98F3B00AA824B /* SupergramTests.xctest */;
			productType = "com.apple.product-type.bundle.unit-test";
		};
		CB21255D1BD98F3B00AA824B /* SupergramUITests */ = {
			isa = PBXNativeTarget;
			buildConfigurationList = CB21256D1BD98F3B00AA824B /* Build configuration list for PBXNativeTarget "SupergramUITests" */;
			buildPhases = (
				CB21255A1BD98F3B00AA824B /* Sources */,
				CB21255B1BD98F3B00AA824B /* Frameworks */,
				CB21255C1BD98F3B00AA824B /* Resources */,
			);
			buildRules = (
			);
			dependencies = (
				CB2125601BD98F3B00AA824B /* PBXTargetDependency */,
			);
			name = SupergramUITests;
			productName = SupergramUITests;
			productReference = CB21255E1BD98F3B00AA824B /* SupergramUITests.xctest */;
			productType = "com.apple.product-type.bundle.ui-testing";
		};
/* End PBXNativeTarget section */

/* Begin PBXProject section */
		CB2125321BD98F3B00AA824B /* Project object */ = {
			isa = PBXProject;
			attributes = {
				LastUpgradeCheck = 0710;
				ORGANIZATIONNAME = "Shotty Shack Games";
				TargetAttributes = {
					CB2125391BD98F3B00AA824B = {
						CreatedOnToolsVersion = 7.1;
						DevelopmentTeam = RYF7YHAMY5;
					};
					CB2125521BD98F3B00AA824B = {
						CreatedOnToolsVersion = 7.1;
						DevelopmentTeam = ZZ32G7S6G8;
						TestTargetID = CB2125391BD98F3B00AA824B;
					};
					CB21255D1BD98F3B00AA824B = {
						CreatedOnToolsVersion = 7.1;
						DevelopmentTeam = ZZ32G7S6G8;
						TestTargetID = CB2125391BD98F3B00AA824B;
					};
				};
			};
			buildConfigurationList = CB2125351BD98F3B00AA824B /* Build configuration list for PBXProject "Supergram" */;
			compatibilityVersion = "Xcode 3.2";
			developmentRegion = English;
			hasScannedForEncodings = 0;
			knownRegions = (
				en,
				Base,
			);
			mainGroup = CB2125311BD98F3B00AA824B;
			productRefGroup = CB21253B1BD98F3B00AA824B /* Products */;
			projectDirPath = "";
			projectRoot = "";
			targets = (
				CB2125391BD98F3B00AA824B /* Supergram */,
				CB2125521BD98F3B00AA824B /* SupergramTests */,
				CB21255D1BD98F3B00AA824B /* SupergramUITests */,
			);
		};
/* End PBXProject section */

/* Begin PBXResourcesBuildPhase section */
		CB2125381BD98F3B00AA824B /* Resources */ = {
			isa = PBXResourcesBuildPhase;
			buildActionMask = 2147483647;
			files = (
				CB21254D1BD98F3B00AA824B /* LaunchScreen.storyboard in Resources */,
				CB21254A1BD98F3B00AA824B /* Assets.xcassets in Resources */,
				CB2125481BD98F3B00AA824B /* Main.storyboard in Resources */,
				E09A4BEB1BDEF10300E3EBE8 /* SGPostCell.xib in Resources */,
			);
			runOnlyForDeploymentPostprocessing = 0;
		};
		CB2125511BD98F3B00AA824B /* Resources */ = {
			isa = PBXResourcesBuildPhase;
			buildActionMask = 2147483647;
			files = (
			);
			runOnlyForDeploymentPostprocessing = 0;
		};
		CB21255C1BD98F3B00AA824B /* Resources */ = {
			isa = PBXResourcesBuildPhase;
			buildActionMask = 2147483647;
			files = (
			);
			runOnlyForDeploymentPostprocessing = 0;
		};
/* End PBXResourcesBuildPhase section */

/* Begin PBXSourcesBuildPhase section */
		CB2125361BD98F3B00AA824B /* Sources */ = {
			isa = PBXSourcesBuildPhase;
			buildActionMask = 2147483647;
			files = (
				E0A410A41BDD99A800AC5C3D /* Post.m in Sources */,
				E01CFDDD1BD99EEF004E1874 /* ResetPasswordViewController.m in Sources */,
				E01CFDD41BD998B8004E1874 /* SuperUser.m in Sources */,
				E09A4BC61BDE8E8100E3EBE8 /* SGConstants.m in Sources */,
				E09A4BF11BDF072B00E3EBE8 /* PostDetailViewController.m in Sources */,
				CB2125421BD98F3B00AA824B /* AppDelegate.m in Sources */,
				E09A4BFA1BDFD1E900E3EBE8 /* SearchViewController.m in Sources */,
				E05F80461BDB403A00B8DD21 /* ImagePickerViewController.m in Sources */,
				E09A4BF41BDF4FF600E3EBE8 /* Comment.m in Sources */,
				E01CFDDA1BD99EBF004E1874 /* LoginViewController.m in Sources */,
				E05F80431BDB1BB600B8DD21 /* UserSettingsViewController.m in Sources */,
				E09A4BF71BDFD11E00E3EBE8 /* FeedViewController.m in Sources */,
				E01CFDD71BD99E42004E1874 /* SuperProfileViewController.m in Sources */,
				E0A410A71BDDD37400AC5C3D /* ThumbnailCollectionViewCell.m in Sources */,
				E09A4BC91BDE8EE100E3EBE8 /* NSString+ValidationUtility.m in Sources */,
				E09A4BEE1BDEF70B00E3EBE8 /* SGPostCollectionViewCell.m in Sources */,
				E01CFDE01BD99F3A004E1874 /* SignUpViewController.m in Sources */,
				E0A410A11BDD802C00AC5C3D /* NewPostViewController.m in Sources */,
				CB21253F1BD98F3B00AA824B /* main.m in Sources */,
			);
			runOnlyForDeploymentPostprocessing = 0;
		};
		CB21254F1BD98F3B00AA824B /* Sources */ = {
			isa = PBXSourcesBuildPhase;
			buildActionMask = 2147483647;
			files = (
				CB2125581BD98F3B00AA824B /* SupergramTests.m in Sources */,
			);
			runOnlyForDeploymentPostprocessing = 0;
		};
		CB21255A1BD98F3B00AA824B /* Sources */ = {
			isa = PBXSourcesBuildPhase;
			buildActionMask = 2147483647;
			files = (
				CB2125631BD98F3B00AA824B /* SupergramUITests.m in Sources */,
			);
			runOnlyForDeploymentPostprocessing = 0;
		};
/* End PBXSourcesBuildPhase section */

/* Begin PBXTargetDependency section */
		CB2125551BD98F3B00AA824B /* PBXTargetDependency */ = {
			isa = PBXTargetDependency;
			target = CB2125391BD98F3B00AA824B /* Supergram */;
			targetProxy = CB2125541BD98F3B00AA824B /* PBXContainerItemProxy */;
		};
		CB2125601BD98F3B00AA824B /* PBXTargetDependency */ = {
			isa = PBXTargetDependency;
			target = CB2125391BD98F3B00AA824B /* Supergram */;
			targetProxy = CB21255F1BD98F3B00AA824B /* PBXContainerItemProxy */;
		};
/* End PBXTargetDependency section */

/* Begin PBXVariantGroup section */
		CB2125461BD98F3B00AA824B /* Main.storyboard */ = {
			isa = PBXVariantGroup;
			children = (
				CB2125471BD98F3B00AA824B /* Base */,
			);
			name = Main.storyboard;
			sourceTree = "<group>";
		};
		CB21254B1BD98F3B00AA824B /* LaunchScreen.storyboard */ = {
			isa = PBXVariantGroup;
			children = (
				CB21254C1BD98F3B00AA824B /* Base */,
			);
			name = LaunchScreen.storyboard;
			sourceTree = "<group>";
		};
/* End PBXVariantGroup section */

/* Begin XCBuildConfiguration section */
		CB2125651BD98F3B00AA824B /* Debug */ = {
			isa = XCBuildConfiguration;
			buildSettings = {
				ALWAYS_SEARCH_USER_PATHS = NO;
				CLANG_CXX_LANGUAGE_STANDARD = "gnu++0x";
				CLANG_CXX_LIBRARY = "libc++";
				CLANG_ENABLE_MODULES = YES;
				CLANG_ENABLE_OBJC_ARC = YES;
				CLANG_WARN_BOOL_CONVERSION = YES;
				CLANG_WARN_CONSTANT_CONVERSION = YES;
				CLANG_WARN_DIRECT_OBJC_ISA_USAGE = YES_ERROR;
				CLANG_WARN_EMPTY_BODY = YES;
				CLANG_WARN_ENUM_CONVERSION = YES;
				CLANG_WARN_INT_CONVERSION = YES;
				CLANG_WARN_OBJC_ROOT_CLASS = YES_ERROR;
				CLANG_WARN_UNREACHABLE_CODE = YES;
				CLANG_WARN__DUPLICATE_METHOD_MATCH = YES;
				"CODE_SIGN_IDENTITY[sdk=iphoneos*]" = "iPhone Developer";
				COPY_PHASE_STRIP = NO;
				DEBUG_INFORMATION_FORMAT = dwarf;
				ENABLE_STRICT_OBJC_MSGSEND = YES;
				ENABLE_TESTABILITY = YES;
				GCC_C_LANGUAGE_STANDARD = gnu99;
				GCC_DYNAMIC_NO_PIC = NO;
				GCC_NO_COMMON_BLOCKS = YES;
				GCC_OPTIMIZATION_LEVEL = 0;
				GCC_PREPROCESSOR_DEFINITIONS = (
					"DEBUG=1",
					"$(inherited)",
				);
				GCC_WARN_64_TO_32_BIT_CONVERSION = YES;
				GCC_WARN_ABOUT_RETURN_TYPE = YES_ERROR;
				GCC_WARN_UNDECLARED_SELECTOR = YES;
				GCC_WARN_UNINITIALIZED_AUTOS = YES_AGGRESSIVE;
				GCC_WARN_UNUSED_FUNCTION = YES;
				GCC_WARN_UNUSED_VARIABLE = YES;
				IPHONEOS_DEPLOYMENT_TARGET = 9.0;
				MTL_ENABLE_DEBUG_INFO = YES;
				ONLY_ACTIVE_ARCH = YES;
				SDKROOT = iphoneos;
			};
			name = Debug;
		};
		CB2125661BD98F3B00AA824B /* Release */ = {
			isa = XCBuildConfiguration;
			buildSettings = {
				ALWAYS_SEARCH_USER_PATHS = NO;
				CLANG_CXX_LANGUAGE_STANDARD = "gnu++0x";
				CLANG_CXX_LIBRARY = "libc++";
				CLANG_ENABLE_MODULES = YES;
				CLANG_ENABLE_OBJC_ARC = YES;
				CLANG_WARN_BOOL_CONVERSION = YES;
				CLANG_WARN_CONSTANT_CONVERSION = YES;
				CLANG_WARN_DIRECT_OBJC_ISA_USAGE = YES_ERROR;
				CLANG_WARN_EMPTY_BODY = YES;
				CLANG_WARN_ENUM_CONVERSION = YES;
				CLANG_WARN_INT_CONVERSION = YES;
				CLANG_WARN_OBJC_ROOT_CLASS = YES_ERROR;
				CLANG_WARN_UNREACHABLE_CODE = YES;
				CLANG_WARN__DUPLICATE_METHOD_MATCH = YES;
				"CODE_SIGN_IDENTITY[sdk=iphoneos*]" = "iPhone Developer";
				COPY_PHASE_STRIP = NO;
				DEBUG_INFORMATION_FORMAT = "dwarf-with-dsym";
				ENABLE_NS_ASSERTIONS = NO;
				ENABLE_STRICT_OBJC_MSGSEND = YES;
				GCC_C_LANGUAGE_STANDARD = gnu99;
				GCC_NO_COMMON_BLOCKS = YES;
				GCC_WARN_64_TO_32_BIT_CONVERSION = YES;
				GCC_WARN_ABOUT_RETURN_TYPE = YES_ERROR;
				GCC_WARN_UNDECLARED_SELECTOR = YES;
				GCC_WARN_UNINITIALIZED_AUTOS = YES_AGGRESSIVE;
				GCC_WARN_UNUSED_FUNCTION = YES;
				GCC_WARN_UNUSED_VARIABLE = YES;
				IPHONEOS_DEPLOYMENT_TARGET = 9.0;
				MTL_ENABLE_DEBUG_INFO = NO;
				SDKROOT = iphoneos;
				VALIDATE_PRODUCT = YES;
			};
			name = Release;
		};
		CB2125681BD98F3B00AA824B /* Debug */ = {
			isa = XCBuildConfiguration;
			buildSettings = {
				ASSETCATALOG_COMPILER_APPICON_NAME = AppIcon;
				CODE_SIGN_IDENTITY = "iPhone Developer";
				"CODE_SIGN_IDENTITY[sdk=iphoneos*]" = "iPhone Developer";
				FRAMEWORK_SEARCH_PATHS = (
					"$(inherited)",
					"$(PROJECT_DIR)/Supergram",
				);
				INFOPLIST_FILE = Supergram/Info.plist;
				LD_RUNPATH_SEARCH_PATHS = "$(inherited) @executable_path/Frameworks";
				PRODUCT_BUNDLE_IDENTIFIER = com.ShottyShackGames.Supergram;
				PRODUCT_NAME = "$(TARGET_NAME)";
				PROVISIONING_PROFILE = "";
			};
			name = Debug;
		};
		CB2125691BD98F3B00AA824B /* Release */ = {
			isa = XCBuildConfiguration;
			buildSettings = {
				ASSETCATALOG_COMPILER_APPICON_NAME = AppIcon;
				CODE_SIGN_IDENTITY = "iPhone Developer";
				"CODE_SIGN_IDENTITY[sdk=iphoneos*]" = "iPhone Developer";
				FRAMEWORK_SEARCH_PATHS = (
					"$(inherited)",
					"$(PROJECT_DIR)/Supergram",
				);
				INFOPLIST_FILE = Supergram/Info.plist;
				LD_RUNPATH_SEARCH_PATHS = "$(inherited) @executable_path/Frameworks";
				PRODUCT_BUNDLE_IDENTIFIER = com.ShottyShackGames.Supergram;
				PRODUCT_NAME = "$(TARGET_NAME)";
				PROVISIONING_PROFILE = "";
			};
			name = Release;
		};
		CB21256B1BD98F3B00AA824B /* Debug */ = {
			isa = XCBuildConfiguration;
			buildSettings = {
				BUNDLE_LOADER = "$(TEST_HOST)";
				INFOPLIST_FILE = SupergramTests/Info.plist;
				LD_RUNPATH_SEARCH_PATHS = "$(inherited) @executable_path/Frameworks @loader_path/Frameworks";
				PRODUCT_BUNDLE_IDENTIFIER = com.ShottyShackGames.SupergramTests;
				PRODUCT_NAME = "$(TARGET_NAME)";
				TEST_HOST = "$(BUILT_PRODUCTS_DIR)/Supergram.app/Supergram";
			};
			name = Debug;
		};
		CB21256C1BD98F3B00AA824B /* Release */ = {
			isa = XCBuildConfiguration;
			buildSettings = {
				BUNDLE_LOADER = "$(TEST_HOST)";
				INFOPLIST_FILE = SupergramTests/Info.plist;
				LD_RUNPATH_SEARCH_PATHS = "$(inherited) @executable_path/Frameworks @loader_path/Frameworks";
				PRODUCT_BUNDLE_IDENTIFIER = com.ShottyShackGames.SupergramTests;
				PRODUCT_NAME = "$(TARGET_NAME)";
				TEST_HOST = "$(BUILT_PRODUCTS_DIR)/Supergram.app/Supergram";
			};
			name = Release;
		};
		CB21256E1BD98F3B00AA824B /* Debug */ = {
			isa = XCBuildConfiguration;
			buildSettings = {
				INFOPLIST_FILE = SupergramUITests/Info.plist;
				LD_RUNPATH_SEARCH_PATHS = "$(inherited) @executable_path/Frameworks @loader_path/Frameworks";
				PRODUCT_BUNDLE_IDENTIFIER = com.ShottyShackGames.SupergramUITests;
				PRODUCT_NAME = "$(TARGET_NAME)";
				TEST_TARGET_NAME = Supergram;
				USES_XCTRUNNER = YES;
			};
			name = Debug;
		};
		CB21256F1BD98F3B00AA824B /* Release */ = {
			isa = XCBuildConfiguration;
			buildSettings = {
				INFOPLIST_FILE = SupergramUITests/Info.plist;
				LD_RUNPATH_SEARCH_PATHS = "$(inherited) @executable_path/Frameworks @loader_path/Frameworks";
				PRODUCT_BUNDLE_IDENTIFIER = com.ShottyShackGames.SupergramUITests;
				PRODUCT_NAME = "$(TARGET_NAME)";
				TEST_TARGET_NAME = Supergram;
				USES_XCTRUNNER = YES;
			};
			name = Release;
		};
/* End XCBuildConfiguration section */

/* Begin XCConfigurationList section */
		CB2125351BD98F3B00AA824B /* Build configuration list for PBXProject "Supergram" */ = {
			isa = XCConfigurationList;
			buildConfigurations = (
				CB2125651BD98F3B00AA824B /* Debug */,
				CB2125661BD98F3B00AA824B /* Release */,
			);
			defaultConfigurationIsVisible = 0;
			defaultConfigurationName = Release;
		};
		CB2125671BD98F3B00AA824B /* Build configuration list for PBXNativeTarget "Supergram" */ = {
			isa = XCConfigurationList;
			buildConfigurations = (
				CB2125681BD98F3B00AA824B /* Debug */,
				CB2125691BD98F3B00AA824B /* Release */,
			);
			defaultConfigurationIsVisible = 0;
			defaultConfigurationName = Release;
		};
		CB21256A1BD98F3B00AA824B /* Build configuration list for PBXNativeTarget "SupergramTests" */ = {
			isa = XCConfigurationList;
			buildConfigurations = (
				CB21256B1BD98F3B00AA824B /* Debug */,
				CB21256C1BD98F3B00AA824B /* Release */,
			);
			defaultConfigurationIsVisible = 0;
			defaultConfigurationName = Release;
		};
		CB21256D1BD98F3B00AA824B /* Build configuration list for PBXNativeTarget "SupergramUITests" */ = {
			isa = XCConfigurationList;
			buildConfigurations = (
				CB21256E1BD98F3B00AA824B /* Debug */,
				CB21256F1BD98F3B00AA824B /* Release */,
			);
			defaultConfigurationIsVisible = 0;
			defaultConfigurationName = Release;
		};
/* End XCConfigurationList section */
	};
	rootObject = CB2125321BD98F3B00AA824B /* Project object */;
}
